
Microsoft Visual Studio Solution File, Format Version 12.00
# Visual Studio 15
VisualStudioVersion = 15.0.27703.2026
MinimumVisualStudioVersion = 10.0.40219.1
Project("{FAE04EC0-301F-11D3-BF4B-00C04F79EFBC}") = "events.tac.local", "events.tac.local\events.tac.local.csproj", "{27D8FCD2-5FDB-4510-80FA-326BA6BA8A53}"
EndProject
Project("{FAE04EC0-301F-11D3-BF4B-00C04F79EFBC}") = "events.tac.local.Tests", "events.tac.local.Tests\events.tac.local.Tests.csproj", "{4BC4CEA3-9D7F-4CCB-BE17-089F1EE041F4}"
EndProject
Global
	GlobalSection(SolutionConfigurationPlatforms) = preSolution
		Debug|Any CPU = Debug|Any CPU
		Release|Any CPU = Release|Any CPU
	EndGlobalSection
	GlobalSection(ProjectConfigurationPlatforms) = postSolution
		{27D8FCD2-5FDB-4510-80FA-326BA6BA8A53}.Debug|Any CPU.ActiveCfg = Debug|Any CPU
		{27D8FCD2-5FDB-4510-80FA-326BA6BA8A53}.Debug|Any CPU.Build.0 = Debug|Any CPU
		{27D8FCD2-5FDB-4510-80FA-326BA6BA8A53}.Release|Any CPU.ActiveCfg = Release|Any CPU
		{27D8FCD2-5FDB-4510-80FA-326BA6BA8A53}.Release|Any CPU.Build.0 = Release|Any CPU
		{4BC4CEA3-9D7F-4CCB-BE17-089F1EE041F4}.Debug|Any CPU.ActiveCfg = Debug|Any CPU
		{4BC4CEA3-9D7F-4CCB-BE17-089F1EE041F4}.Debug|Any CPU.Build.0 = Debug|Any CPU
		{4BC4CEA3-9D7F-4CCB-BE17-089F1EE041F4}.Release|Any CPU.ActiveCfg = Release|Any CPU
		{4BC4CEA3-9D7F-4CCB-BE17-089F1EE041F4}.Release|Any CPU.Build.0 = Release|Any CPU
	EndGlobalSection
	GlobalSection(SolutionProperties) = preSolution
		HideSolutionNode = FALSE
	EndGlobalSection
	GlobalSection(ExtensibilityGlobals) = postSolution
		SolutionGuid = {A81E849C-7758-42A8-87A2-4679F3AF9348}
	EndGlobalSection
EndGlobal
